// !$*UTF8*$!
{
	archiveVersion = 1;
	classes = {
	};
	objectVersion = 51;
	objects = {

/* Begin PBXBuildFile section */
		6D375F8C248BDFA100A7B372 /* AppDelegate.swift in Sources */ = {isa = PBXBuildFile; fileRef = 6D375F8B248BDFA100A7B372 /* AppDelegate.swift */; };
		6D375F8E248BDFA100A7B372 /* SceneDelegate.swift in Sources */ = {isa = PBXBuildFile; fileRef = 6D375F8D248BDFA100A7B372 /* SceneDelegate.swift */; };
		6D375F95248BDFA300A7B372 /* Assets.xcassets in Resources */ = {isa = PBXBuildFile; fileRef = 6D375F94248BDFA300A7B372 /* Assets.xcassets */; };
		6D375F98248BDFA300A7B372 /* LaunchScreen.storyboard in Resources */ = {isa = PBXBuildFile; fileRef = 6D375F96248BDFA300A7B372 /* LaunchScreen.storyboard */; };
		6D50CA4A248BF50A00E98641 /* AppCoordinator.swift in Sources */ = {isa = PBXBuildFile; fileRef = 6D50CA49248BF50A00E98641 /* AppCoordinator.swift */; };
		6D50CA4C248BF51A00E98641 /* Coordinator.swift in Sources */ = {isa = PBXBuildFile; fileRef = 6D50CA4B248BF51A00E98641 /* Coordinator.swift */; };
		6D55187D24B7355300D0F84C /* Localizable.strings in Resources */ = {isa = PBXBuildFile; fileRef = 6D55187F24B7355300D0F84C /* Localizable.strings */; };
		6D55188224B7592300D0F84C /* InitialViewControllerViewProtocol.swift in Sources */ = {isa = PBXBuildFile; fileRef = 6D55188124B7592300D0F84C /* InitialViewControllerViewProtocol.swift */; };
		6D55188424B7595100D0F84C /* InitialViewControllerViewModel.swift in Sources */ = {isa = PBXBuildFile; fileRef = 6D55188324B7595100D0F84C /* InitialViewControllerViewModel.swift */; };
		6D55188724B7621100D0F84C /* InitialViewControllerPresenter.swift in Sources */ = {isa = PBXBuildFile; fileRef = 6D55188624B7621100D0F84C /* InitialViewControllerPresenter.swift */; };
		6D55188924B762BD00D0F84C /* InitialViewControllerPresenterProtocol.swift in Sources */ = {isa = PBXBuildFile; fileRef = 6D55188824B762BD00D0F84C /* InitialViewControllerPresenterProtocol.swift */; };
		6D557A182495219600436032 /* GoogleService-Info.plist in Resources */ = {isa = PBXBuildFile; fileRef = 6D557A172495219600436032 /* GoogleService-Info.plist */; };
		6D9F378324A3686900A4DC37 /* InitialViewController.xib in Resources */ = {isa = PBXBuildFile; fileRef = 6D9F378224A3686900A4DC37 /* InitialViewController.xib */; };
		6DBB9040249671880018658F /* LoginCoordinator.swift in Sources */ = {isa = PBXBuildFile; fileRef = 6DBB903F249671880018658F /* LoginCoordinator.swift */; };
		6DBB9046249681BD0018658F /* InitialViewControllerBuilder.swift in Sources */ = {isa = PBXBuildFile; fileRef = 6DBB9045249681BD0018658F /* InitialViewControllerBuilder.swift */; };
		6DBB9049249681F30018658F /* Builder.swift in Sources */ = {isa = PBXBuildFile; fileRef = 6DBB9048249681F30018658F /* Builder.swift */; };
		6DBB904C249682940018658F /* InitialViewController.swift in Sources */ = {isa = PBXBuildFile; fileRef = 6DBB904B249682940018658F /* InitialViewController.swift */; };
		91F676F4892FA830B475065C /* Pods_Autoescuela.framework in Frameworks */ = {isa = PBXBuildFile; fileRef = 5859D6106E9A3E52D69144EC /* Pods_Autoescuela.framework */; };
/* End PBXBuildFile section */

/* Begin PBXFileReference section */
		5859D6106E9A3E52D69144EC /* Pods_Autoescuela.framework */ = {isa = PBXFileReference; explicitFileType = wrapper.framework; includeInIndex = 0; path = Pods_Autoescuela.framework; sourceTree = BUILT_PRODUCTS_DIR; };
		65E6EE9D4C1EADE64A36DF7D /* Pods-Autoescuela.release.xcconfig */ = {isa = PBXFileReference; includeInIndex = 1; lastKnownFileType = text.xcconfig; name = "Pods-Autoescuela.release.xcconfig"; path = "Target Support Files/Pods-Autoescuela/Pods-Autoescuela.release.xcconfig"; sourceTree = "<group>"; };
		6D375F88248BDFA100A7B372 /* Autoescuela.app */ = {isa = PBXFileReference; explicitFileType = wrapper.application; includeInIndex = 0; path = Autoescuela.app; sourceTree = BUILT_PRODUCTS_DIR; };
		6D375F8B248BDFA100A7B372 /* AppDelegate.swift */ = {isa = PBXFileReference; lastKnownFileType = sourcecode.swift; path = AppDelegate.swift; sourceTree = "<group>"; };
		6D375F8D248BDFA100A7B372 /* SceneDelegate.swift */ = {isa = PBXFileReference; lastKnownFileType = sourcecode.swift; path = SceneDelegate.swift; sourceTree = "<group>"; };
		6D375F94248BDFA300A7B372 /* Assets.xcassets */ = {isa = PBXFileReference; lastKnownFileType = folder.assetcatalog; path = Assets.xcassets; sourceTree = "<group>"; };
		6D375F97248BDFA300A7B372 /* Base */ = {isa = PBXFileReference; lastKnownFileType = file.storyboard; name = Base; path = Base.lproj/LaunchScreen.storyboard; sourceTree = "<group>"; };
		6D375F99248BDFA300A7B372 /* Info.plist */ = {isa = PBXFileReference; lastKnownFileType = text.plist.xml; path = Info.plist; sourceTree = "<group>"; };
		6D50CA49248BF50A00E98641 /* AppCoordinator.swift */ = {isa = PBXFileReference; lastKnownFileType = sourcecode.swift; path = AppCoordinator.swift; sourceTree = "<group>"; };
		6D50CA4B248BF51A00E98641 /* Coordinator.swift */ = {isa = PBXFileReference; lastKnownFileType = sourcecode.swift; path = Coordinator.swift; sourceTree = "<group>"; };
		6D55187824B7346B00D0F84C /* es */ = {isa = PBXFileReference; lastKnownFileType = text.plist.strings; name = es; path = es.lproj/LaunchScreen.strings; sourceTree = "<group>"; };
		6D55187E24B7355300D0F84C /* en */ = {isa = PBXFileReference; lastKnownFileType = text.plist.strings; name = en; path = en.lproj/Localizable.strings; sourceTree = "<group>"; };
		6D55188024B7355700D0F84C /* es */ = {isa = PBXFileReference; lastKnownFileType = text.plist.strings; name = es; path = es.lproj/Localizable.strings; sourceTree = "<group>"; };
		6D55188124B7592300D0F84C /* InitialViewControllerViewProtocol.swift */ = {isa = PBXFileReference; lastKnownFileType = sourcecode.swift; path = InitialViewControllerViewProtocol.swift; sourceTree = "<group>"; };
		6D55188324B7595100D0F84C /* InitialViewControllerViewModel.swift */ = {isa = PBXFileReference; lastKnownFileType = sourcecode.swift; path = InitialViewControllerViewModel.swift; sourceTree = "<group>"; };
		6D55188624B7621100D0F84C /* InitialViewControllerPresenter.swift */ = {isa = PBXFileReference; lastKnownFileType = sourcecode.swift; path = InitialViewControllerPresenter.swift; sourceTree = "<group>"; };
		6D55188824B762BD00D0F84C /* InitialViewControllerPresenterProtocol.swift */ = {isa = PBXFileReference; lastKnownFileType = sourcecode.swift; path = InitialViewControllerPresenterProtocol.swift; sourceTree = "<group>"; };
		6D557A172495219600436032 /* GoogleService-Info.plist */ = {isa = PBXFileReference; fileEncoding = 4; lastKnownFileType = text.plist.xml; path = "GoogleService-Info.plist"; sourceTree = "<group>"; };
		6D9F378224A3686900A4DC37 /* InitialViewController.xib */ = {isa = PBXFileReference; lastKnownFileType = file.xib; path = InitialViewController.xib; sourceTree = "<group>"; };
		6DBB903F249671880018658F /* LoginCoordinator.swift */ = {isa = PBXFileReference; lastKnownFileType = sourcecode.swift; path = LoginCoordinator.swift; sourceTree = "<group>"; };
		6DBB9045249681BD0018658F /* InitialViewControllerBuilder.swift */ = {isa = PBXFileReference; lastKnownFileType = sourcecode.swift; path = InitialViewControllerBuilder.swift; sourceTree = "<group>"; };
		6DBB9048249681F30018658F /* Builder.swift */ = {isa = PBXFileReference; lastKnownFileType = sourcecode.swift; path = Builder.swift; sourceTree = "<group>"; };
		6DBB904B249682940018658F /* InitialViewController.swift */ = {isa = PBXFileReference; lastKnownFileType = sourcecode.swift; path = InitialViewController.swift; sourceTree = "<group>"; };
		C25A5D5E7AE4BAACD78A428C /* Pods-Autoescuela.debug.xcconfig */ = {isa = PBXFileReference; includeInIndex = 1; lastKnownFileType = text.xcconfig; name = "Pods-Autoescuela.debug.xcconfig"; path = "Target Support Files/Pods-Autoescuela/Pods-Autoescuela.debug.xcconfig"; sourceTree = "<group>"; };
/* End PBXFileReference section */

/* Begin PBXFrameworksBuildPhase section */
		6D375F85248BDFA100A7B372 /* Frameworks */ = {
			isa = PBXFrameworksBuildPhase;
			buildActionMask = 2147483647;
			files = (
				91F676F4892FA830B475065C /* Pods_Autoescuela.framework in Frameworks */,
			);
			runOnlyForDeploymentPostprocessing = 0;
		};
/* End PBXFrameworksBuildPhase section */

/* Begin PBXGroup section */
		6D375F7F248BDFA100A7B372 = {
			isa = PBXGroup;
			children = (
				6D375F8A248BDFA100A7B372 /* Autoescuela */,
				6D375F89248BDFA100A7B372 /* Products */,
				6E9AB3FE828364AAC777874D /* Pods */,
				EF2ED7618A40B3D4AF9F3A03 /* Frameworks */,
			);
			sourceTree = "<group>";
		};
		6D375F89248BDFA100A7B372 /* Products */ = {
			isa = PBXGroup;
			children = (
				6D375F88248BDFA100A7B372 /* Autoescuela.app */,
			);
			name = Products;
			sourceTree = "<group>";
		};
		6D375F8A248BDFA100A7B372 /* Autoescuela */ = {
			isa = PBXGroup;
			children = (
				6D55187924B734CE00D0F84C /* Strings */,
				6DBB9047249681C30018658F /* Common */,
				6D557A172495219600436032 /* GoogleService-Info.plist */,
				6DBB903D249671690018658F /* Modules */,
				6D50CA4D248BF5BB00E98641 /* Coordinators */,
				6D375F8B248BDFA100A7B372 /* AppDelegate.swift */,
				6D375F8D248BDFA100A7B372 /* SceneDelegate.swift */,
				6D375F94248BDFA300A7B372 /* Assets.xcassets */,
				6D375F96248BDFA300A7B372 /* LaunchScreen.storyboard */,
				6D375F99248BDFA300A7B372 /* Info.plist */,
			);
			path = Autoescuela;
			sourceTree = "<group>";
		};
		6D50CA48248BF4D800E98641 /* AppCoordinator */ = {
			isa = PBXGroup;
			children = (
				6D50CA49248BF50A00E98641 /* AppCoordinator.swift */,
			);
			path = AppCoordinator;
			sourceTree = "<group>";
		};
		6D50CA4D248BF5BB00E98641 /* Coordinators */ = {
			isa = PBXGroup;
			children = (
				6DBB903C249671540018658F /* LoginCoordinator */,
				6D50CA48248BF4D800E98641 /* AppCoordinator */,
			);
			path = Coordinators;
			sourceTree = "<group>";
		};
		6D55187924B734CE00D0F84C /* Strings */ = {
			isa = PBXGroup;
			children = (
				6D55187A24B734D700D0F84C /* Localizable */,
			);
			path = Strings;
			sourceTree = "<group>";
		};
		6D55187A24B734D700D0F84C /* Localizable */ = {
			isa = PBXGroup;
			children = (
				6D55187F24B7355300D0F84C /* Localizable.strings */,
			);
			path = Localizable;
			sourceTree = "<group>";
		};
		6D55188524B761FE00D0F84C /* Presenter */ = {
			isa = PBXGroup;
			children = (
				6D55188624B7621100D0F84C /* InitialViewControllerPresenter.swift */,
				6D55188824B762BD00D0F84C /* InitialViewControllerPresenterProtocol.swift */,
			);
			path = Presenter;
			sourceTree = "<group>";
		};
		6DBB903C249671540018658F /* LoginCoordinator */ = {
			isa = PBXGroup;
			children = (
				6DBB903F249671880018658F /* LoginCoordinator.swift */,
			);
			path = LoginCoordinator;
			sourceTree = "<group>";
		};
		6DBB903D249671690018658F /* Modules */ = {
			isa = PBXGroup;
			children = (
				6DBB903E249671700018658F /* InitialState */,
			);
			path = Modules;
			sourceTree = "<group>";
		};
		6DBB903E249671700018658F /* InitialState */ = {
			isa = PBXGroup;
			children = (
				6D55188524B761FE00D0F84C /* Presenter */,
				6DBB904A249682810018658F /* View */,
				6DBB9044249681590018658F /* Builder */,
			);
			path = InitialState;
			sourceTree = "<group>";
		};
		6DBB9044249681590018658F /* Builder */ = {
			isa = PBXGroup;
			children = (
				6DBB9045249681BD0018658F /* InitialViewControllerBuilder.swift */,
			);
			path = Builder;
			sourceTree = "<group>";
		};
		6DBB9047249681C30018658F /* Common */ = {
			isa = PBXGroup;
			children = (
				6D50CA4B248BF51A00E98641 /* Coordinator.swift */,
				6DBB9048249681F30018658F /* Builder.swift */,
			);
			path = Common;
			sourceTree = "<group>";
		};
		6DBB904A249682810018658F /* View */ = {
			isa = PBXGroup;
			children = (
				6DBB904B249682940018658F /* InitialViewController.swift */,
				6D9F378224A3686900A4DC37 /* InitialViewController.xib */,
				6D55188124B7592300D0F84C /* InitialViewControllerViewProtocol.swift */,
				6D55188324B7595100D0F84C /* InitialViewControllerViewModel.swift */,
			);
			path = View;
			sourceTree = "<group>";
		};
		6E9AB3FE828364AAC777874D /* Pods */ = {
			isa = PBXGroup;
			children = (
				C25A5D5E7AE4BAACD78A428C /* Pods-Autoescuela.debug.xcconfig */,
				65E6EE9D4C1EADE64A36DF7D /* Pods-Autoescuela.release.xcconfig */,
			);
			path = Pods;
			sourceTree = "<group>";
		};
		EF2ED7618A40B3D4AF9F3A03 /* Frameworks */ = {
			isa = PBXGroup;
			children = (
				5859D6106E9A3E52D69144EC /* Pods_Autoescuela.framework */,
			);
			name = Frameworks;
			sourceTree = "<group>";
		};
/* End PBXGroup section */

/* Begin PBXNativeTarget section */
		6D375F87248BDFA100A7B372 /* Autoescuela */ = {
			isa = PBXNativeTarget;
			buildConfigurationList = 6D375F9C248BDFA300A7B372 /* Build configuration list for PBXNativeTarget "Autoescuela" */;
			buildPhases = (
				47CBAA5D77A3691992DDB29B /* [CP] Check Pods Manifest.lock */,
				6D375F84248BDFA100A7B372 /* Sources */,
				6D375F85248BDFA100A7B372 /* Frameworks */,
				6D375F86248BDFA100A7B372 /* Resources */,
				0323AFDC2EE3431F6739DB49 /* [CP] Embed Pods Frameworks */,
			);
			buildRules = (
			);
			dependencies = (
			);
			name = Autoescuela;
			productName = Autoescuela;
			productReference = 6D375F88248BDFA100A7B372 /* Autoescuela.app */;
			productType = "com.apple.product-type.application";
		};
/* End PBXNativeTarget section */

/* Begin PBXProject section */
		6D375F80248BDFA100A7B372 /* Project object */ = {
			isa = PBXProject;
			attributes = {
				LastSwiftUpdateCheck = 1130;
				LastUpgradeCheck = 1130;
				ORGANIZATIONNAME = user159106;
				TargetAttributes = {
					6D375F87248BDFA100A7B372 = {
						CreatedOnToolsVersion = 11.3.1;
					};
				};
			};
			buildConfigurationList = 6D375F83248BDFA100A7B372 /* Build configuration list for PBXProject "Autoescuela" */;
			compatibilityVersion = "Xcode 9.3";
			developmentRegion = en;
			hasScannedForEncodings = 0;
			knownRegions = (
				en,
				Base,
				es,
			);
			mainGroup = 6D375F7F248BDFA100A7B372;
			productRefGroup = 6D375F89248BDFA100A7B372 /* Products */;
			projectDirPath = "";
			projectRoot = "";
			targets = (
				6D375F87248BDFA100A7B372 /* Autoescuela */,
			);
		};
/* End PBXProject section */

/* Begin PBXResourcesBuildPhase section */
		6D375F86248BDFA100A7B372 /* Resources */ = {
			isa = PBXResourcesBuildPhase;
			buildActionMask = 2147483647;
			files = (
				6D55187D24B7355300D0F84C /* Localizable.strings in Resources */,
				6D9F378324A3686900A4DC37 /* InitialViewController.xib in Resources */,
				6D375F98248BDFA300A7B372 /* LaunchScreen.storyboard in Resources */,
				6D375F95248BDFA300A7B372 /* Assets.xcassets in Resources */,
				6D557A182495219600436032 /* GoogleService-Info.plist in Resources */,
			);
			runOnlyForDeploymentPostprocessing = 0;
		};
/* End PBXResourcesBuildPhase section */

/* Begin PBXShellScriptBuildPhase section */
		0323AFDC2EE3431F6739DB49 /* [CP] Embed Pods Frameworks */ = {
			isa = PBXShellScriptBuildPhase;
			buildActionMask = 2147483647;
			files = (
			);
			inputFileListPaths = (
				"${PODS_ROOT}/Target Support Files/Pods-Autoescuela/Pods-Autoescuela-frameworks-${CONFIGURATION}-input-files.xcfilelist",
			);
			name = "[CP] Embed Pods Frameworks";
			outputFileListPaths = (
				"${PODS_ROOT}/Target Support Files/Pods-Autoescuela/Pods-Autoescuela-frameworks-${CONFIGURATION}-output-files.xcfilelist",
			);
			runOnlyForDeploymentPostprocessing = 0;
			shellPath = /bin/sh;
			shellScript = "\"${PODS_ROOT}/Target Support Files/Pods-Autoescuela/Pods-Autoescuela-frameworks.sh\"\n";
			showEnvVarsInLog = 0;
		};
		47CBAA5D77A3691992DDB29B /* [CP] Check Pods Manifest.lock */ = {
			isa = PBXShellScriptBuildPhase;
			buildActionMask = 2147483647;
			files = (
			);
			inputFileListPaths = (
			);
			inputPaths = (
				"${PODS_PODFILE_DIR_PATH}/Podfile.lock",
				"${PODS_ROOT}/Manifest.lock",
			);
			name = "[CP] Check Pods Manifest.lock";
			outputFileListPaths = (
			);
			outputPaths = (
				"$(DERIVED_FILE_DIR)/Pods-Autoescuela-checkManifestLockResult.txt",
			);
			runOnlyForDeploymentPostprocessing = 0;
			shellPath = /bin/sh;
			shellScript = "diff \"${PODS_PODFILE_DIR_PATH}/Podfile.lock\" \"${PODS_ROOT}/Manifest.lock\" > /dev/null\nif [ $? != 0 ] ; then\n    # print error to STDERR\n    echo \"error: The sandbox is not in sync with the Podfile.lock. Run 'pod install' or update your CocoaPods installation.\" >&2\n    exit 1\nfi\n# This output is used by Xcode 'outputs' to avoid re-running this script phase.\necho \"SUCCESS\" > \"${SCRIPT_OUTPUT_FILE_0}\"\n";
			showEnvVarsInLog = 0;
		};
/* End PBXShellScriptBuildPhase section */

/* Begin PBXSourcesBuildPhase section */
		6D375F84248BDFA100A7B372 /* Sources */ = {
			isa = PBXSourcesBuildPhase;
			buildActionMask = 2147483647;
			files = (
				6D55188724B7621100D0F84C /* InitialViewControllerPresenter.swift in Sources */,
				6DBB904C249682940018658F /* InitialViewController.swift in Sources */,
				6DBB9040249671880018658F /* LoginCoordinator.swift in Sources */,
				6D50CA4A248BF50A00E98641 /* AppCoordinator.swift in Sources */,
				6DBB9046249681BD0018658F /* InitialViewControllerBuilder.swift in Sources */,
				6D50CA4C248BF51A00E98641 /* Coordinator.swift in Sources */,
				6D375F8C248BDFA100A7B372 /* AppDelegate.swift in Sources */,
				6D375F8E248BDFA100A7B372 /* SceneDelegate.swift in Sources */,
				6DBB9049249681F30018658F /* Builder.swift in Sources */,
				6D55188424B7595100D0F84C /* InitialViewControllerViewModel.swift in Sources */,
				6D55188924B762BD00D0F84C /* InitialViewControllerPresenterProtocol.swift in Sources */,
				6D55188224B7592300D0F84C /* InitialViewControllerViewProtocol.swift in Sources */,
			);
			runOnlyForDeploymentPostprocessing = 0;
		};
/* End PBXSourcesBuildPhase section */

/* Begin PBXVariantGroup section */
		6D375F96248BDFA300A7B372 /* LaunchScreen.storyboard */ = {
			isa = PBXVariantGroup;
			children = (
				6D375F97248BDFA300A7B372 /* Base */,
				6D55187824B7346B00D0F84C /* es */,
			);
			name = LaunchScreen.storyboard;
			sourceTree = "<group>";
		};
		6D55187F24B7355300D0F84C /* Localizable.strings */ = {
			isa = PBXVariantGroup;
			children = (
				6D55187E24B7355300D0F84C /* en */,
				6D55188024B7355700D0F84C /* es */,
			);
			name = Localizable.strings;
			sourceTree = "<group>";
		};
/* End PBXVariantGroup section */

/* Begin XCBuildConfiguration section */
		6D375F9A248BDFA300A7B372 /* Debug */ = {
			isa = XCBuildConfiguration;
			buildSettings = {
				ALWAYS_SEARCH_USER_PATHS = NO;
				CLANG_ANALYZER_LOCALIZABILITY_NONLOCALIZED = YES;
				CLANG_ANALYZER_NONNULL = YES;
				CLANG_ANALYZER_NUMBER_OBJECT_CONVERSION = YES_AGGRESSIVE;
				CLANG_CXX_LANGUAGE_STANDARD = "gnu++14";
				CLANG_CXX_LIBRARY = "libc++";
				CLANG_ENABLE_MODULES = YES;
				CLANG_ENABLE_OBJC_ARC = YES;
				CLANG_ENABLE_OBJC_WEAK = YES;
				CLANG_WARN_BLOCK_CAPTURE_AUTORELEASING = YES;
				CLANG_WARN_BOOL_CONVERSION = YES;
				CLANG_WARN_COMMA = YES;
				CLANG_WARN_CONSTANT_CONVERSION = YES;
				CLANG_WARN_DEPRECATED_OBJC_IMPLEMENTATIONS = YES;
				CLANG_WARN_DIRECT_OBJC_ISA_USAGE = YES_ERROR;
				CLANG_WARN_DOCUMENTATION_COMMENTS = YES;
				CLANG_WARN_EMPTY_BODY = YES;
				CLANG_WARN_ENUM_CONVERSION = YES;
				CLANG_WARN_INFINITE_RECURSION = YES;
				CLANG_WARN_INT_CONVERSION = YES;
				CLANG_WARN_NON_LITERAL_NULL_CONVERSION = YES;
				CLANG_WARN_OBJC_IMPLICIT_RETAIN_SELF = YES;
				CLANG_WARN_OBJC_LITERAL_CONVERSION = YES;
				CLANG_WARN_OBJC_ROOT_CLASS = YES_ERROR;
				CLANG_WARN_RANGE_LOOP_ANALYSIS = YES;
				CLANG_WARN_STRICT_PROTOTYPES = YES;
				CLANG_WARN_SUSPICIOUS_MOVE = YES;
				CLANG_WARN_UNGUARDED_AVAILABILITY = YES_AGGRESSIVE;
				CLANG_WARN_UNREACHABLE_CODE = YES;
				CLANG_WARN__DUPLICATE_METHOD_MATCH = YES;
				COPY_PHASE_STRIP = NO;
				DEBUG_INFORMATION_FORMAT = dwarf;
				ENABLE_STRICT_OBJC_MSGSEND = YES;
				ENABLE_TESTABILITY = YES;
				GCC_C_LANGUAGE_STANDARD = gnu11;
				GCC_DYNAMIC_NO_PIC = NO;
				GCC_NO_COMMON_BLOCKS = YES;
				GCC_OPTIMIZATION_LEVEL = 0;
				GCC_PREPROCESSOR_DEFINITIONS = (
					"DEBUG=1",
					"$(inherited)",
				);
				GCC_WARN_64_TO_32_BIT_CONVERSION = YES;
				GCC_WARN_ABOUT_RETURN_TYPE = YES_ERROR;
				GCC_WARN_UNDECLARED_SELECTOR = YES;
				GCC_WARN_UNINITIALIZED_AUTOS = YES_AGGRESSIVE;
				GCC_WARN_UNUSED_FUNCTION = YES;
				GCC_WARN_UNUSED_VARIABLE = YES;
				IPHONEOS_DEPLOYMENT_TARGET = 13.2;
				MTL_ENABLE_DEBUG_INFO = INCLUDE_SOURCE;
				MTL_FAST_MATH = YES;
				ONLY_ACTIVE_ARCH = YES;
				SDKROOT = iphoneos;
				SWIFT_ACTIVE_COMPILATION_CONDITIONS = DEBUG;
				SWIFT_OPTIMIZATION_LEVEL = "-Onone";
			};
			name = Debug;
		};
		6D375F9B248BDFA300A7B372 /* Release */ = {
			isa = XCBuildConfiguration;
			buildSettings = {
				ALWAYS_SEARCH_USER_PATHS = NO;
				CLANG_ANALYZER_LOCALIZABILITY_NONLOCALIZED = YES;
				CLANG_ANALYZER_NONNULL = YES;
				CLANG_ANALYZER_NUMBER_OBJECT_CONVERSION = YES_AGGRESSIVE;
				CLANG_CXX_LANGUAGE_STANDARD = "gnu++14";
				CLANG_CXX_LIBRARY = "libc++";
				CLANG_ENABLE_MODULES = YES;
				CLANG_ENABLE_OBJC_ARC = YES;
				CLANG_ENABLE_OBJC_WEAK = YES;
				CLANG_WARN_BLOCK_CAPTURE_AUTORELEASING = YES;
				CLANG_WARN_BOOL_CONVERSION = YES;
				CLANG_WARN_COMMA = YES;
				CLANG_WARN_CONSTANT_CONVERSION = YES;
				CLANG_WARN_DEPRECATED_OBJC_IMPLEMENTATIONS = YES;
				CLANG_WARN_DIRECT_OBJC_ISA_USAGE = YES_ERROR;
				CLANG_WARN_DOCUMENTATION_COMMENTS = YES;
				CLANG_WARN_EMPTY_BODY = YES;
				CLANG_WARN_ENUM_CONVERSION = YES;
				CLANG_WARN_INFINITE_RECURSION = YES;
				CLANG_WARN_INT_CONVERSION = YES;
				CLANG_WARN_NON_LITERAL_NULL_CONVERSION = YES;
				CLANG_WARN_OBJC_IMPLICIT_RETAIN_SELF = YES;
				CLANG_WARN_OBJC_LITERAL_CONVERSION = YES;
				CLANG_WARN_OBJC_ROOT_CLASS = YES_ERROR;
				CLANG_WARN_RANGE_LOOP_ANALYSIS = YES;
				CLANG_WARN_STRICT_PROTOTYPES = YES;
				CLANG_WARN_SUSPICIOUS_MOVE = YES;
				CLANG_WARN_UNGUARDED_AVAILABILITY = YES_AGGRESSIVE;
				CLANG_WARN_UNREACHABLE_CODE = YES;
				CLANG_WARN__DUPLICATE_METHOD_MATCH = YES;
				COPY_PHASE_STRIP = NO;
				DEBUG_INFORMATION_FORMAT = "dwarf-with-dsym";
				ENABLE_NS_ASSERTIONS = NO;
				ENABLE_STRICT_OBJC_MSGSEND = YES;
				GCC_C_LANGUAGE_STANDARD = gnu11;
				GCC_NO_COMMON_BLOCKS = YES;
				GCC_WARN_64_TO_32_BIT_CONVERSION = YES;
				GCC_WARN_ABOUT_RETURN_TYPE = YES_ERROR;
				GCC_WARN_UNDECLARED_SELECTOR = YES;
				GCC_WARN_UNINITIALIZED_AUTOS = YES_AGGRESSIVE;
				GCC_WARN_UNUSED_FUNCTION = YES;
				GCC_WARN_UNUSED_VARIABLE = YES;
				IPHONEOS_DEPLOYMENT_TARGET = 13.2;
				MTL_ENABLE_DEBUG_INFO = NO;
				MTL_FAST_MATH = YES;
				SDKROOT = iphoneos;
				SWIFT_COMPILATION_MODE = wholemodule;
				SWIFT_OPTIMIZATION_LEVEL = "-O";
				VALIDATE_PRODUCT = YES;
			};
			name = Release;
		};
		6D375F9D248BDFA300A7B372 /* Debug */ = {
			isa = XCBuildConfiguration;
			baseConfigurationReference = C25A5D5E7AE4BAACD78A428C /* Pods-Autoescuela.debug.xcconfig */;
			buildSettings = {
				ASSETCATALOG_COMPILER_APPICON_NAME = AppIcon;
				CODE_SIGN_STYLE = Automatic;
				DEVELOPMENT_TEAM = 8DURMPUBZ2;
				INFOPLIST_FILE = Autoescuela/Info.plist;
				IPHONEOS_DEPLOYMENT_TARGET = 11.0;
				LD_RUNPATH_SEARCH_PATHS = (
					"$(inherited)",
					"@executable_path/Frameworks",
				);
				PRODUCT_BUNDLE_IDENTIFIER = com.alexandru.apostol.Autoescuela;
				PRODUCT_NAME = "$(TARGET_NAME)";
				SWIFT_VERSION = 5.0;
				TARGETED_DEVICE_FAMILY = "1,2";
			};
			name = Debug;
		};
		6D375F9E248BDFA300A7B372 /* Release */ = {
			isa = XCBuildConfiguration;
			baseConfigurationReference = 65E6EE9D4C1EADE64A36DF7D /* Pods-Autoescuela.release.xcconfig */;
			buildSettings = {
				ASSETCATALOG_COMPILER_APPICON_NAME = AppIcon;
				CODE_SIGN_STYLE = Automatic;
				DEVELOPMENT_TEAM = 8DURMPUBZ2;
				INFOPLIST_FILE = Autoescuela/Info.plist;
				IPHONEOS_DEPLOYMENT_TARGET = 11.0;
				LD_RUNPATH_SEARCH_PATHS = (
					"$(inherited)",
					"@executable_path/Frameworks",
				);
				PRODUCT_BUNDLE_IDENTIFIER = com.alexandru.apostol.Autoescuela;
				PRODUCT_NAME = "$(TARGET_NAME)";
				SWIFT_VERSION = 5.0;
				TARGETED_DEVICE_FAMILY = "1,2";
			};
			name = Release;
		};
/* End XCBuildConfiguration section */

/* Begin XCConfigurationList section */
		6D375F83248BDFA100A7B372 /* Build configuration list for PBXProject "Autoescuela" */ = {
			isa = XCConfigurationList;
			buildConfigurations = (
				6D375F9A248BDFA300A7B372 /* Debug */,
				6D375F9B248BDFA300A7B372 /* Release */,
			);
			defaultConfigurationIsVisible = 0;
			defaultConfigurationName = Release;
		};
		6D375F9C248BDFA300A7B372 /* Build configuration list for PBXNativeTarget "Autoescuela" */ = {
			isa = XCConfigurationList;
			buildConfigurations = (
				6D375F9D248BDFA300A7B372 /* Debug */,
				6D375F9E248BDFA300A7B372 /* Release */,
			);
			defaultConfigurationIsVisible = 0;
			defaultConfigurationName = Release;
		};
/* End XCConfigurationList section */
	};
	rootObject = 6D375F80248BDFA100A7B372 /* Project object */;
}
