PODS:
  - AutoEscuelaComponents (0.1.1)

DEPENDENCIES:
  - AutoEscuelaComponents (from `/Users/user159106/Documents/Libraries/AutoEscuelaComponents/AutoEscuelaComponents`)

EXTERNAL SOURCES:
  AutoEscuelaComponents:
    :path: "/Users/user159106/Documents/Libraries/AutoEscuelaComponents/AutoEscuelaComponents"

SPEC CHECKSUMS:
  AutoEscuelaComponents: 3fbc4653222c990d909a7371143ce842de05d4d3

PODFILE CHECKSUM: c059b010208df45fe7711b851d71e4167f654acc

COCOAPODS: 1.9.1
